
Microsoft Visual Studio Solution File, Format Version 12.00
# Visual Studio 14
VisualStudioVersion = 14.0.25420.1
MinimumVisualStudioVersion = 10.0.40219.1
Project("{FAE04EC0-301F-11D3-BF4B-00C04F79EFBC}") = "BindingTestings.Android", "BindingTestings\BindingTestings.Android\BindingTestings.Android.csproj", "{E6D622B2-F77D-477F-8631-6A7193913AEB}"
EndProject
Project("{FAE04EC0-301F-11D3-BF4B-00C04F79EFBC}") = "BindingTestings", "BindingTestings\BindingTestings\BindingTestings.csproj", "{B78A2188-441E-4976-83BD-BDB407942918}"
EndProject
Project("{FAE04EC0-301F-11D3-BF4B-00C04F79EFBC}") = "BindingTestings.UWP", "BindingTestings\BindingTestings.UWP\BindingTestings.UWP.csproj", "{8D3378F5-F09F-4416-AC54-904BD83D7908}"
EndProject
Project("{FAE04EC0-301F-11D3-BF4B-00C04F79EFBC}") = "BindingTestings.iOS", "BindingTestings\BindingTestings.iOS\BindingTestings.iOS.csproj", "{D9B2C98B-93FF-402D-B7E1-721275B39795}"
EndProject
Project("{FAE04EC0-301F-11D3-BF4B-00C04F79EFBC}") = "Fusion.PayGuardian.Android", "bindingAndroidPayJul\bindingAndroidPayJul\bindingAndroidPayJul\Fusion.PayGuardian.Android.csproj", "{0A721A2D-35F1-4BA5-AA7A-63457A112637}"
EndProject
Project("{FAE04EC0-301F-11D3-BF4B-00C04F79EFBC}") = "Fusion.PayGuardian.IOS", "Fusion.PayGuardian.IOS\Fusion.PayGuardian.IOS.csproj", "{A98D227F-0C8E-4858-A728-436944C10205}"
EndProject
Global
	GlobalSection(SolutionConfigurationPlatforms) = preSolution
		Ad-Hoc|Any CPU = Ad-Hoc|Any CPU
		Ad-Hoc|ARM = Ad-Hoc|ARM
		Ad-Hoc|iPhone = Ad-Hoc|iPhone
		Ad-Hoc|iPhoneSimulator = Ad-Hoc|iPhoneSimulator
		Ad-Hoc|x64 = Ad-Hoc|x64
		Ad-Hoc|x86 = Ad-Hoc|x86
		AppStore|Any CPU = AppStore|Any CPU
		AppStore|ARM = AppStore|ARM
		AppStore|iPhone = AppStore|iPhone
		AppStore|iPhoneSimulator = AppStore|iPhoneSimulator
		AppStore|x64 = AppStore|x64
		AppStore|x86 = AppStore|x86
		Debug|Any CPU = Debug|Any CPU
		Debug|ARM = Debug|ARM
		Debug|iPhone = Debug|iPhone
		Debug|iPhoneSimulator = Debug|iPhoneSimulator
		Debug|x64 = Debug|x64
		Debug|x86 = Debug|x86
		Release|Any CPU = Release|Any CPU
		Release|ARM = Release|ARM
		Release|iPhone = Release|iPhone
		Release|iPhoneSimulator = Release|iPhoneSimulator
		Release|x64 = Release|x64
		Release|x86 = Release|x86
	EndGlobalSection
	GlobalSection(ProjectConfigurationPlatforms) = postSolution
		{E6D622B2-F77D-477F-8631-6A7193913AEB}.Ad-Hoc|Any CPU.ActiveCfg = Release|Any CPU
		{E6D622B2-F77D-477F-8631-6A7193913AEB}.Ad-Hoc|Any CPU.Build.0 = Release|Any CPU
		{E6D622B2-F77D-477F-8631-6A7193913AEB}.Ad-Hoc|Any CPU.Deploy.0 = Release|Any CPU
		{E6D622B2-F77D-477F-8631-6A7193913AEB}.Ad-Hoc|ARM.ActiveCfg = Release|Any CPU
		{E6D622B2-F77D-477F-8631-6A7193913AEB}.Ad-Hoc|ARM.Build.0 = Release|Any CPU
		{E6D622B2-F77D-477F-8631-6A7193913AEB}.Ad-Hoc|ARM.Deploy.0 = Release|Any CPU
		{E6D622B2-F77D-477F-8631-6A7193913AEB}.Ad-Hoc|iPhone.ActiveCfg = Release|Any CPU
		{E6D622B2-F77D-477F-8631-6A7193913AEB}.Ad-Hoc|iPhone.Build.0 = Release|Any CPU
		{E6D622B2-F77D-477F-8631-6A7193913AEB}.Ad-Hoc|iPhone.Deploy.0 = Release|Any CPU
		{E6D622B2-F77D-477F-8631-6A7193913AEB}.Ad-Hoc|iPhoneSimulator.ActiveCfg = Release|Any CPU
		{E6D622B2-F77D-477F-8631-6A7193913AEB}.Ad-Hoc|iPhoneSimulator.Build.0 = Release|Any CPU
		{E6D622B2-F77D-477F-8631-6A7193913AEB}.Ad-Hoc|iPhoneSimulator.Deploy.0 = Release|Any CPU
		{E6D622B2-F77D-477F-8631-6A7193913AEB}.Ad-Hoc|x64.ActiveCfg = Release|Any CPU
		{E6D622B2-F77D-477F-8631-6A7193913AEB}.Ad-Hoc|x64.Build.0 = Release|Any CPU
		{E6D622B2-F77D-477F-8631-6A7193913AEB}.Ad-Hoc|x64.Deploy.0 = Release|Any CPU
		{E6D622B2-F77D-477F-8631-6A7193913AEB}.Ad-Hoc|x86.ActiveCfg = Release|Any CPU
		{E6D622B2-F77D-477F-8631-6A7193913AEB}.Ad-Hoc|x86.Build.0 = Release|Any CPU
		{E6D622B2-F77D-477F-8631-6A7193913AEB}.Ad-Hoc|x86.Deploy.0 = Release|Any CPU
		{E6D622B2-F77D-477F-8631-6A7193913AEB}.AppStore|Any CPU.ActiveCfg = Release|Any CPU
		{E6D622B2-F77D-477F-8631-6A7193913AEB}.AppStore|Any CPU.Build.0 = Release|Any CPU
		{E6D622B2-F77D-477F-8631-6A7193913AEB}.AppStore|Any CPU.Deploy.0 = Release|Any CPU
		{E6D622B2-F77D-477F-8631-6A7193913AEB}.AppStore|ARM.ActiveCfg = Release|Any CPU
		{E6D622B2-F77D-477F-8631-6A7193913AEB}.AppStore|ARM.Build.0 = Release|Any CPU
		{E6D622B2-F77D-477F-8631-6A7193913AEB}.AppStore|ARM.Deploy.0 = Release|Any CPU
		{E6D622B2-F77D-477F-8631-6A7193913AEB}.AppStore|iPhone.ActiveCfg = Release|Any CPU
		{E6D622B2-F77D-477F-8631-6A7193913AEB}.AppStore|iPhone.Build.0 = Release|Any CPU
		{E6D622B2-F77D-477F-8631-6A7193913AEB}.AppStore|iPhone.Deploy.0 = Release|Any CPU
		{E6D622B2-F77D-477F-8631-6A7193913AEB}.AppStore|iPhoneSimulator.ActiveCfg = Release|Any CPU
		{E6D622B2-F77D-477F-8631-6A7193913AEB}.AppStore|iPhoneSimulator.Build.0 = Release|Any CPU
		{E6D622B2-F77D-477F-8631-6A7193913AEB}.AppStore|iPhoneSimulator.Deploy.0 = Release|Any CPU
		{E6D622B2-F77D-477F-8631-6A7193913AEB}.AppStore|x64.ActiveCfg = Release|Any CPU
		{E6D622B2-F77D-477F-8631-6A7193913AEB}.AppStore|x64.Build.0 = Release|Any CPU
		{E6D622B2-F77D-477F-8631-6A7193913AEB}.AppStore|x64.Deploy.0 = Release|Any CPU
		{E6D622B2-F77D-477F-8631-6A7193913AEB}.AppStore|x86.ActiveCfg = Release|Any CPU
		{E6D622B2-F77D-477F-8631-6A7193913AEB}.AppStore|x86.Build.0 = Release|Any CPU
		{E6D622B2-F77D-477F-8631-6A7193913AEB}.AppStore|x86.Deploy.0 = Release|Any CPU
		{E6D622B2-F77D-477F-8631-6A7193913AEB}.Debug|Any CPU.ActiveCfg = Debug|Any CPU
		{E6D622B2-F77D-477F-8631-6A7193913AEB}.Debug|Any CPU.Build.0 = Debug|Any CPU
		{E6D622B2-F77D-477F-8631-6A7193913AEB}.Debug|Any CPU.Deploy.0 = Debug|Any CPU
		{E6D622B2-F77D-477F-8631-6A7193913AEB}.Debug|ARM.ActiveCfg = Debug|Any CPU
		{E6D622B2-F77D-477F-8631-6A7193913AEB}.Debug|ARM.Build.0 = Debug|Any CPU
		{E6D622B2-F77D-477F-8631-6A7193913AEB}.Debug|ARM.Deploy.0 = Debug|Any CPU
		{E6D622B2-F77D-477F-8631-6A7193913AEB}.Debug|iPhone.ActiveCfg = Debug|Any CPU
		{E6D622B2-F77D-477F-8631-6A7193913AEB}.Debug|iPhone.Build.0 = Debug|Any CPU
		{E6D622B2-F77D-477F-8631-6A7193913AEB}.Debug|iPhone.Deploy.0 = Debug|Any CPU
		{E6D622B2-F77D-477F-8631-6A7193913AEB}.Debug|iPhoneSimulator.ActiveCfg = Debug|Any CPU
		{E6D622B2-F77D-477F-8631-6A7193913AEB}.Debug|iPhoneSimulator.Build.0 = Debug|Any CPU
		{E6D622B2-F77D-477F-8631-6A7193913AEB}.Debug|iPhoneSimulator.Deploy.0 = Debug|Any CPU
		{E6D622B2-F77D-477F-8631-6A7193913AEB}.Debug|x64.ActiveCfg = Debug|Any CPU
		{E6D622B2-F77D-477F-8631-6A7193913AEB}.Debug|x64.Build.0 = Debug|Any CPU
		{E6D622B2-F77D-477F-8631-6A7193913AEB}.Debug|x64.Deploy.0 = Debug|Any CPU
		{E6D622B2-F77D-477F-8631-6A7193913AEB}.Debug|x86.ActiveCfg = Debug|Any CPU
		{E6D622B2-F77D-477F-8631-6A7193913AEB}.Debug|x86.Build.0 = Debug|Any CPU
		{E6D622B2-F77D-477F-8631-6A7193913AEB}.Debug|x86.Deploy.0 = Debug|Any CPU
		{E6D622B2-F77D-477F-8631-6A7193913AEB}.Release|Any CPU.ActiveCfg = Release|Any CPU
		{E6D622B2-F77D-477F-8631-6A7193913AEB}.Release|Any CPU.Build.0 = Release|Any CPU
		{E6D622B2-F77D-477F-8631-6A7193913AEB}.Release|Any CPU.Deploy.0 = Release|Any CPU
		{E6D622B2-F77D-477F-8631-6A7193913AEB}.Release|ARM.ActiveCfg = Release|Any CPU
		{E6D622B2-F77D-477F-8631-6A7193913AEB}.Release|ARM.Build.0 = Release|Any CPU
		{E6D622B2-F77D-477F-8631-6A7193913AEB}.Release|ARM.Deploy.0 = Release|Any CPU
		{E6D622B2-F77D-477F-8631-6A7193913AEB}.Release|iPhone.ActiveCfg = Release|Any CPU
		{E6D622B2-F77D-477F-8631-6A7193913AEB}.Release|iPhone.Build.0 = Release|Any CPU
		{E6D622B2-F77D-477F-8631-6A7193913AEB}.Release|iPhone.Deploy.0 = Release|Any CPU
		{E6D622B2-F77D-477F-8631-6A7193913AEB}.Release|iPhoneSimulator.ActiveCfg = Release|Any CPU
		{E6D622B2-F77D-477F-8631-6A7193913AEB}.Release|iPhoneSimulator.Build.0 = Release|Any CPU
		{E6D622B2-F77D-477F-8631-6A7193913AEB}.Release|iPhoneSimulator.Deploy.0 = Release|Any CPU
		{E6D622B2-F77D-477F-8631-6A7193913AEB}.Release|x64.ActiveCfg = Release|Any CPU
		{E6D622B2-F77D-477F-8631-6A7193913AEB}.Release|x64.Build.0 = Release|Any CPU
		{E6D622B2-F77D-477F-8631-6A7193913AEB}.Release|x64.Deploy.0 = Release|Any CPU
		{E6D622B2-F77D-477F-8631-6A7193913AEB}.Release|x86.ActiveCfg = Release|Any CPU
		{E6D622B2-F77D-477F-8631-6A7193913AEB}.Release|x86.Build.0 = Release|Any CPU
		{E6D622B2-F77D-477F-8631-6A7193913AEB}.Release|x86.Deploy.0 = Release|Any CPU
		{B78A2188-441E-4976-83BD-BDB407942918}.Ad-Hoc|Any CPU.ActiveCfg = Release|Any CPU
		{B78A2188-441E-4976-83BD-BDB407942918}.Ad-Hoc|Any CPU.Build.0 = Release|Any CPU
		{B78A2188-441E-4976-83BD-BDB407942918}.Ad-Hoc|ARM.ActiveCfg = Release|Any CPU
		{B78A2188-441E-4976-83BD-BDB407942918}.Ad-Hoc|ARM.Build.0 = Release|Any CPU
		{B78A2188-441E-4976-83BD-BDB407942918}.Ad-Hoc|iPhone.ActiveCfg = Release|Any CPU
		{B78A2188-441E-4976-83BD-BDB407942918}.Ad-Hoc|iPhone.Build.0 = Release|Any CPU
		{B78A2188-441E-4976-83BD-BDB407942918}.Ad-Hoc|iPhoneSimulator.ActiveCfg = Release|Any CPU
		{B78A2188-441E-4976-83BD-BDB407942918}.Ad-Hoc|iPhoneSimulator.Build.0 = Release|Any CPU
		{B78A2188-441E-4976-83BD-BDB407942918}.Ad-Hoc|x64.ActiveCfg = Release|Any CPU
		{B78A2188-441E-4976-83BD-BDB407942918}.Ad-Hoc|x64.Build.0 = Release|Any CPU
		{B78A2188-441E-4976-83BD-BDB407942918}.Ad-Hoc|x86.ActiveCfg = Release|Any CPU
		{B78A2188-441E-4976-83BD-BDB407942918}.Ad-Hoc|x86.Build.0 = Release|Any CPU
		{B78A2188-441E-4976-83BD-BDB407942918}.AppStore|Any CPU.ActiveCfg = Release|Any CPU
		{B78A2188-441E-4976-83BD-BDB407942918}.AppStore|Any CPU.Build.0 = Release|Any CPU
		{B78A2188-441E-4976-83BD-BDB407942918}.AppStore|ARM.ActiveCfg = Release|Any CPU
		{B78A2188-441E-4976-83BD-BDB407942918}.AppStore|ARM.Build.0 = Release|Any CPU
		{B78A2188-441E-4976-83BD-BDB407942918}.AppStore|iPhone.ActiveCfg = Release|Any CPU
		{B78A2188-441E-4976-83BD-BDB407942918}.AppStore|iPhone.Build.0 = Release|Any CPU
		{B78A2188-441E-4976-83BD-BDB407942918}.AppStore|iPhoneSimulator.ActiveCfg = Release|Any CPU
		{B78A2188-441E-4976-83BD-BDB407942918}.AppStore|iPhoneSimulator.Build.0 = Release|Any CPU
		{B78A2188-441E-4976-83BD-BDB407942918}.AppStore|x64.ActiveCfg = Release|Any CPU
		{B78A2188-441E-4976-83BD-BDB407942918}.AppStore|x64.Build.0 = Release|Any CPU
		{B78A2188-441E-4976-83BD-BDB407942918}.AppStore|x86.ActiveCfg = Release|Any CPU
		{B78A2188-441E-4976-83BD-BDB407942918}.AppStore|x86.Build.0 = Release|Any CPU
		{B78A2188-441E-4976-83BD-BDB407942918}.Debug|Any CPU.ActiveCfg = Debug|Any CPU
		{B78A2188-441E-4976-83BD-BDB407942918}.Debug|Any CPU.Build.0 = Debug|Any CPU
		{B78A2188-441E-4976-83BD-BDB407942918}.Debug|ARM.ActiveCfg = Debug|Any CPU
		{B78A2188-441E-4976-83BD-BDB407942918}.Debug|ARM.Build.0 = Debug|Any CPU
		{B78A2188-441E-4976-83BD-BDB407942918}.Debug|iPhone.ActiveCfg = Debug|Any CPU
		{B78A2188-441E-4976-83BD-BDB407942918}.Debug|iPhone.Build.0 = Debug|Any CPU
		{B78A2188-441E-4976-83BD-BDB407942918}.Debug|iPhoneSimulator.ActiveCfg = Debug|Any CPU
		{B78A2188-441E-4976-83BD-BDB407942918}.Debug|iPhoneSimulator.Build.0 = Debug|Any CPU
		{B78A2188-441E-4976-83BD-BDB407942918}.Debug|x64.ActiveCfg = Debug|Any CPU
		{B78A2188-441E-4976-83BD-BDB407942918}.Debug|x64.Build.0 = Debug|Any CPU
		{B78A2188-441E-4976-83BD-BDB407942918}.Debug|x86.ActiveCfg = Debug|Any CPU
		{B78A2188-441E-4976-83BD-BDB407942918}.Debug|x86.Build.0 = Debug|Any CPU
		{B78A2188-441E-4976-83BD-BDB407942918}.Release|Any CPU.ActiveCfg = Release|Any CPU
		{B78A2188-441E-4976-83BD-BDB407942918}.Release|Any CPU.Build.0 = Release|Any CPU
		{B78A2188-441E-4976-83BD-BDB407942918}.Release|ARM.ActiveCfg = Release|Any CPU
		{B78A2188-441E-4976-83BD-BDB407942918}.Release|ARM.Build.0 = Release|Any CPU
		{B78A2188-441E-4976-83BD-BDB407942918}.Release|iPhone.ActiveCfg = Release|Any CPU
		{B78A2188-441E-4976-83BD-BDB407942918}.Release|iPhone.Build.0 = Release|Any CPU
		{B78A2188-441E-4976-83BD-BDB407942918}.Release|iPhoneSimulator.ActiveCfg = Release|Any CPU
		{B78A2188-441E-4976-83BD-BDB407942918}.Release|iPhoneSimulator.Build.0 = Release|Any CPU
		{B78A2188-441E-4976-83BD-BDB407942918}.Release|x64.ActiveCfg = Release|Any CPU
		{B78A2188-441E-4976-83BD-BDB407942918}.Release|x64.Build.0 = Release|Any CPU
		{B78A2188-441E-4976-83BD-BDB407942918}.Release|x86.ActiveCfg = Release|Any CPU
		{B78A2188-441E-4976-83BD-BDB407942918}.Release|x86.Build.0 = Release|Any CPU
		{8D3378F5-F09F-4416-AC54-904BD83D7908}.Ad-Hoc|Any CPU.ActiveCfg = Release|x86
		{8D3378F5-F09F-4416-AC54-904BD83D7908}.Ad-Hoc|Any CPU.Build.0 = Release|x86
		{8D3378F5-F09F-4416-AC54-904BD83D7908}.Ad-Hoc|Any CPU.Deploy.0 = Release|x86
		{8D3378F5-F09F-4416-AC54-904BD83D7908}.Ad-Hoc|ARM.ActiveCfg = Release|ARM
		{8D3378F5-F09F-4416-AC54-904BD83D7908}.Ad-Hoc|ARM.Build.0 = Release|ARM
		{8D3378F5-F09F-4416-AC54-904BD83D7908}.Ad-Hoc|ARM.Deploy.0 = Release|ARM
		{8D3378F5-F09F-4416-AC54-904BD83D7908}.Ad-Hoc|iPhone.ActiveCfg = Release|x86
		{8D3378F5-F09F-4416-AC54-904BD83D7908}.Ad-Hoc|iPhone.Build.0 = Release|x86
		{8D3378F5-F09F-4416-AC54-904BD83D7908}.Ad-Hoc|iPhone.Deploy.0 = Release|x86
		{8D3378F5-F09F-4416-AC54-904BD83D7908}.Ad-Hoc|iPhoneSimulator.ActiveCfg = Release|x86
		{8D3378F5-F09F-4416-AC54-904BD83D7908}.Ad-Hoc|iPhoneSimulator.Build.0 = Release|x86
		{8D3378F5-F09F-4416-AC54-904BD83D7908}.Ad-Hoc|iPhoneSimulator.Deploy.0 = Release|x86
		{8D3378F5-F09F-4416-AC54-904BD83D7908}.Ad-Hoc|x64.ActiveCfg = Release|x64
		{8D3378F5-F09F-4416-AC54-904BD83D7908}.Ad-Hoc|x64.Build.0 = Release|x64
		{8D3378F5-F09F-4416-AC54-904BD83D7908}.Ad-Hoc|x64.Deploy.0 = Release|x64
		{8D3378F5-F09F-4416-AC54-904BD83D7908}.Ad-Hoc|x86.ActiveCfg = Release|x86
		{8D3378F5-F09F-4416-AC54-904BD83D7908}.Ad-Hoc|x86.Build.0 = Release|x86
		{8D3378F5-F09F-4416-AC54-904BD83D7908}.Ad-Hoc|x86.Deploy.0 = Release|x86
		{8D3378F5-F09F-4416-AC54-904BD83D7908}.AppStore|Any CPU.ActiveCfg = Release|x86
		{8D3378F5-F09F-4416-AC54-904BD83D7908}.AppStore|Any CPU.Build.0 = Release|x86
		{8D3378F5-F09F-4416-AC54-904BD83D7908}.AppStore|Any CPU.Deploy.0 = Release|x86
		{8D3378F5-F09F-4416-AC54-904BD83D7908}.AppStore|ARM.ActiveCfg = Release|ARM
		{8D3378F5-F09F-4416-AC54-904BD83D7908}.AppStore|ARM.Build.0 = Release|ARM
		{8D3378F5-F09F-4416-AC54-904BD83D7908}.AppStore|ARM.Deploy.0 = Release|ARM
		{8D3378F5-F09F-4416-AC54-904BD83D7908}.AppStore|iPhone.ActiveCfg = Release|x86
		{8D3378F5-F09F-4416-AC54-904BD83D7908}.AppStore|iPhone.Build.0 = Release|x86
		{8D3378F5-F09F-4416-AC54-904BD83D7908}.AppStore|iPhone.Deploy.0 = Release|x86
		{8D3378F5-F09F-4416-AC54-904BD83D7908}.AppStore|iPhoneSimulator.ActiveCfg = Release|x86
		{8D3378F5-F09F-4416-AC54-904BD83D7908}.AppStore|iPhoneSimulator.Build.0 = Release|x86
		{8D3378F5-F09F-4416-AC54-904BD83D7908}.AppStore|iPhoneSimulator.Deploy.0 = Release|x86
		{8D3378F5-F09F-4416-AC54-904BD83D7908}.AppStore|x64.ActiveCfg = Release|x64
		{8D3378F5-F09F-4416-AC54-904BD83D7908}.AppStore|x64.Build.0 = Release|x64
		{8D3378F5-F09F-4416-AC54-904BD83D7908}.AppStore|x64.Deploy.0 = Release|x64
		{8D3378F5-F09F-4416-AC54-904BD83D7908}.AppStore|x86.ActiveCfg = Release|x86
		{8D3378F5-F09F-4416-AC54-904BD83D7908}.AppStore|x86.Build.0 = Release|x86
		{8D3378F5-F09F-4416-AC54-904BD83D7908}.AppStore|x86.Deploy.0 = Release|x86
		{8D3378F5-F09F-4416-AC54-904BD83D7908}.Debug|Any CPU.ActiveCfg = Debug|x86
		{8D3378F5-F09F-4416-AC54-904BD83D7908}.Debug|ARM.ActiveCfg = Debug|ARM
		{8D3378F5-F09F-4416-AC54-904BD83D7908}.Debug|ARM.Build.0 = Debug|ARM
		{8D3378F5-F09F-4416-AC54-904BD83D7908}.Debug|ARM.Deploy.0 = Debug|ARM
		{8D3378F5-F09F-4416-AC54-904BD83D7908}.Debug|iPhone.ActiveCfg = Debug|x86
		{8D3378F5-F09F-4416-AC54-904BD83D7908}.Debug|iPhoneSimulator.ActiveCfg = Debug|x86
		{8D3378F5-F09F-4416-AC54-904BD83D7908}.Debug|x64.ActiveCfg = Debug|x64
		{8D3378F5-F09F-4416-AC54-904BD83D7908}.Debug|x64.Build.0 = Debug|x64
		{8D3378F5-F09F-4416-AC54-904BD83D7908}.Debug|x64.Deploy.0 = Debug|x64
		{8D3378F5-F09F-4416-AC54-904BD83D7908}.Debug|x86.ActiveCfg = Debug|x86
		{8D3378F5-F09F-4416-AC54-904BD83D7908}.Debug|x86.Build.0 = Debug|x86
		{8D3378F5-F09F-4416-AC54-904BD83D7908}.Debug|x86.Deploy.0 = Debug|x86
		{8D3378F5-F09F-4416-AC54-904BD83D7908}.Release|Any CPU.ActiveCfg = Release|x86
		{8D3378F5-F09F-4416-AC54-904BD83D7908}.Release|ARM.ActiveCfg = Release|ARM
		{8D3378F5-F09F-4416-AC54-904BD83D7908}.Release|ARM.Build.0 = Release|ARM
		{8D3378F5-F09F-4416-AC54-904BD83D7908}.Release|ARM.Deploy.0 = Release|ARM
		{8D3378F5-F09F-4416-AC54-904BD83D7908}.Release|iPhone.ActiveCfg = Release|x86
		{8D3378F5-F09F-4416-AC54-904BD83D7908}.Release|iPhoneSimulator.ActiveCfg = Release|x86
		{8D3378F5-F09F-4416-AC54-904BD83D7908}.Release|x64.ActiveCfg = Release|x64
		{8D3378F5-F09F-4416-AC54-904BD83D7908}.Release|x64.Build.0 = Release|x64
		{8D3378F5-F09F-4416-AC54-904BD83D7908}.Release|x64.Deploy.0 = Release|x64
		{8D3378F5-F09F-4416-AC54-904BD83D7908}.Release|x86.ActiveCfg = Release|x86
		{8D3378F5-F09F-4416-AC54-904BD83D7908}.Release|x86.Build.0 = Release|x86
		{8D3378F5-F09F-4416-AC54-904BD83D7908}.Release|x86.Deploy.0 = Release|x86
		{D9B2C98B-93FF-402D-B7E1-721275B39795}.Ad-Hoc|Any CPU.ActiveCfg = Ad-Hoc|iPhone
		{D9B2C98B-93FF-402D-B7E1-721275B39795}.Ad-Hoc|ARM.ActiveCfg = Ad-Hoc|iPhone
		{D9B2C98B-93FF-402D-B7E1-721275B39795}.Ad-Hoc|iPhone.ActiveCfg = Ad-Hoc|iPhone
		{D9B2C98B-93FF-402D-B7E1-721275B39795}.Ad-Hoc|iPhone.Build.0 = Ad-Hoc|iPhone
		{D9B2C98B-93FF-402D-B7E1-721275B39795}.Ad-Hoc|iPhoneSimulator.ActiveCfg = Ad-Hoc|iPhoneSimulator
		{D9B2C98B-93FF-402D-B7E1-721275B39795}.Ad-Hoc|iPhoneSimulator.Build.0 = Ad-Hoc|iPhoneSimulator
		{D9B2C98B-93FF-402D-B7E1-721275B39795}.Ad-Hoc|x64.ActiveCfg = Ad-Hoc|iPhone
		{D9B2C98B-93FF-402D-B7E1-721275B39795}.Ad-Hoc|x86.ActiveCfg = Ad-Hoc|iPhone
		{D9B2C98B-93FF-402D-B7E1-721275B39795}.AppStore|Any CPU.ActiveCfg = AppStore|iPhone
		{D9B2C98B-93FF-402D-B7E1-721275B39795}.AppStore|ARM.ActiveCfg = AppStore|iPhone
		{D9B2C98B-93FF-402D-B7E1-721275B39795}.AppStore|iPhone.ActiveCfg = AppStore|iPhone
		{D9B2C98B-93FF-402D-B7E1-721275B39795}.AppStore|iPhone.Build.0 = AppStore|iPhone
		{D9B2C98B-93FF-402D-B7E1-721275B39795}.AppStore|iPhoneSimulator.ActiveCfg = AppStore|iPhoneSimulator
		{D9B2C98B-93FF-402D-B7E1-721275B39795}.AppStore|iPhoneSimulator.Build.0 = AppStore|iPhoneSimulator
		{D9B2C98B-93FF-402D-B7E1-721275B39795}.AppStore|x64.ActiveCfg = AppStore|iPhone
		{D9B2C98B-93FF-402D-B7E1-721275B39795}.AppStore|x86.ActiveCfg = AppStore|iPhone
		{D9B2C98B-93FF-402D-B7E1-721275B39795}.Debug|Any CPU.ActiveCfg = Debug|iPhone
		{D9B2C98B-93FF-402D-B7E1-721275B39795}.Debug|ARM.ActiveCfg = Debug|iPhone
		{D9B2C98B-93FF-402D-B7E1-721275B39795}.Debug|iPhone.ActiveCfg = Debug|iPhone
		{D9B2C98B-93FF-402D-B7E1-721275B39795}.Debug|iPhone.Build.0 = Debug|iPhone
		{D9B2C98B-93FF-402D-B7E1-721275B39795}.Debug|iPhoneSimulator.ActiveCfg = Debug|iPhoneSimulator
		{D9B2C98B-93FF-402D-B7E1-721275B39795}.Debug|iPhoneSimulator.Build.0 = Debug|iPhoneSimulator
		{D9B2C98B-93FF-402D-B7E1-721275B39795}.Debug|x64.ActiveCfg = Debug|iPhone
		{D9B2C98B-93FF-402D-B7E1-721275B39795}.Debug|x86.ActiveCfg = Debug|iPhone
		{D9B2C98B-93FF-402D-B7E1-721275B39795}.Release|Any CPU.ActiveCfg = Release|iPhone
		{D9B2C98B-93FF-402D-B7E1-721275B39795}.Release|ARM.ActiveCfg = Release|iPhone
		{D9B2C98B-93FF-402D-B7E1-721275B39795}.Release|iPhone.ActiveCfg = Release|iPhone
		{D9B2C98B-93FF-402D-B7E1-721275B39795}.Release|iPhone.Build.0 = Release|iPhone
		{D9B2C98B-93FF-402D-B7E1-721275B39795}.Release|iPhoneSimulator.ActiveCfg = Release|iPhoneSimulator
		{D9B2C98B-93FF-402D-B7E1-721275B39795}.Release|iPhoneSimulator.Build.0 = Release|iPhoneSimulator
		{D9B2C98B-93FF-402D-B7E1-721275B39795}.Release|x64.ActiveCfg = Release|iPhone
		{D9B2C98B-93FF-402D-B7E1-721275B39795}.Release|x86.ActiveCfg = Release|iPhone
		{0A721A2D-35F1-4BA5-AA7A-63457A112637}.Ad-Hoc|Any CPU.ActiveCfg = Release|Any CPU
		{0A721A2D-35F1-4BA5-AA7A-63457A112637}.Ad-Hoc|Any CPU.Build.0 = Release|Any CPU
		{0A721A2D-35F1-4BA5-AA7A-63457A112637}.Ad-Hoc|ARM.ActiveCfg = Release|Any CPU
		{0A721A2D-35F1-4BA5-AA7A-63457A112637}.Ad-Hoc|ARM.Build.0 = Release|Any CPU
		{0A721A2D-35F1-4BA5-AA7A-63457A112637}.Ad-Hoc|iPhone.ActiveCfg = Release|Any CPU
		{0A721A2D-35F1-4BA5-AA7A-63457A112637}.Ad-Hoc|iPhone.Build.0 = Release|Any CPU
		{0A721A2D-35F1-4BA5-AA7A-63457A112637}.Ad-Hoc|iPhoneSimulator.ActiveCfg = Release|Any CPU
		{0A721A2D-35F1-4BA5-AA7A-63457A112637}.Ad-Hoc|iPhoneSimulator.Build.0 = Release|Any CPU
		{0A721A2D-35F1-4BA5-AA7A-63457A112637}.Ad-Hoc|x64.ActiveCfg = Release|Any CPU
		{0A721A2D-35F1-4BA5-AA7A-63457A112637}.Ad-Hoc|x64.Build.0 = Release|Any CPU
		{0A721A2D-35F1-4BA5-AA7A-63457A112637}.Ad-Hoc|x86.ActiveCfg = Release|Any CPU
		{0A721A2D-35F1-4BA5-AA7A-63457A112637}.Ad-Hoc|x86.Build.0 = Release|Any CPU
		{0A721A2D-35F1-4BA5-AA7A-63457A112637}.AppStore|Any CPU.ActiveCfg = Release|Any CPU
		{0A721A2D-35F1-4BA5-AA7A-63457A112637}.AppStore|Any CPU.Build.0 = Release|Any CPU
		{0A721A2D-35F1-4BA5-AA7A-63457A112637}.AppStore|ARM.ActiveCfg = Release|Any CPU
		{0A721A2D-35F1-4BA5-AA7A-63457A112637}.AppStore|ARM.Build.0 = Release|Any CPU
		{0A721A2D-35F1-4BA5-AA7A-63457A112637}.AppStore|iPhone.ActiveCfg = Release|Any CPU
		{0A721A2D-35F1-4BA5-AA7A-63457A112637}.AppStore|iPhone.Build.0 = Release|Any CPU
		{0A721A2D-35F1-4BA5-AA7A-63457A112637}.AppStore|iPhoneSimulator.ActiveCfg = Release|Any CPU
		{0A721A2D-35F1-4BA5-AA7A-63457A112637}.AppStore|iPhoneSimulator.Build.0 = Release|Any CPU
		{0A721A2D-35F1-4BA5-AA7A-63457A112637}.AppStore|x64.ActiveCfg = Release|Any CPU
		{0A721A2D-35F1-4BA5-AA7A-63457A112637}.AppStore|x64.Build.0 = Release|Any CPU
		{0A721A2D-35F1-4BA5-AA7A-63457A112637}.AppStore|x86.ActiveCfg = Release|Any CPU
		{0A721A2D-35F1-4BA5-AA7A-63457A112637}.AppStore|x86.Build.0 = Release|Any CPU
		{0A721A2D-35F1-4BA5-AA7A-63457A112637}.Debug|Any CPU.ActiveCfg = Debug|Any CPU
		{0A721A2D-35F1-4BA5-AA7A-63457A112637}.Debug|Any CPU.Build.0 = Debug|Any CPU
		{0A721A2D-35F1-4BA5-AA7A-63457A112637}.Debug|ARM.ActiveCfg = Debug|Any CPU
		{0A721A2D-35F1-4BA5-AA7A-63457A112637}.Debug|ARM.Build.0 = Debug|Any CPU
		{0A721A2D-35F1-4BA5-AA7A-63457A112637}.Debug|iPhone.ActiveCfg = Debug|Any CPU
		{0A721A2D-35F1-4BA5-AA7A-63457A112637}.Debug|iPhone.Build.0 = Debug|Any CPU
		{0A721A2D-35F1-4BA5-AA7A-63457A112637}.Debug|iPhoneSimulator.ActiveCfg = Debug|Any CPU
		{0A721A2D-35F1-4BA5-AA7A-63457A112637}.Debug|iPhoneSimulator.Build.0 = Debug|Any CPU
		{0A721A2D-35F1-4BA5-AA7A-63457A112637}.Debug|x64.ActiveCfg = Debug|Any CPU
		{0A721A2D-35F1-4BA5-AA7A-63457A112637}.Debug|x64.Build.0 = Debug|Any CPU
		{0A721A2D-35F1-4BA5-AA7A-63457A112637}.Debug|x86.ActiveCfg = Debug|Any CPU
		{0A721A2D-35F1-4BA5-AA7A-63457A112637}.Debug|x86.Build.0 = Debug|Any CPU
		{0A721A2D-35F1-4BA5-AA7A-63457A112637}.Release|Any CPU.ActiveCfg = Release|Any CPU
		{0A721A2D-35F1-4BA5-AA7A-63457A112637}.Release|Any CPU.Build.0 = Release|Any CPU
		{0A721A2D-35F1-4BA5-AA7A-63457A112637}.Release|ARM.ActiveCfg = Release|Any CPU
		{0A721A2D-35F1-4BA5-AA7A-63457A112637}.Release|ARM.Build.0 = Release|Any CPU
		{0A721A2D-35F1-4BA5-AA7A-63457A112637}.Release|iPhone.ActiveCfg = Release|Any CPU
		{0A721A2D-35F1-4BA5-AA7A-63457A112637}.Release|iPhone.Build.0 = Release|Any CPU
		{0A721A2D-35F1-4BA5-AA7A-63457A112637}.Release|iPhoneSimulator.ActiveCfg = Release|Any CPU
		{0A721A2D-35F1-4BA5-AA7A-63457A112637}.Release|iPhoneSimulator.Build.0 = Release|Any CPU
		{0A721A2D-35F1-4BA5-AA7A-63457A112637}.Release|x64.ActiveCfg = Release|Any CPU
		{0A721A2D-35F1-4BA5-AA7A-63457A112637}.Release|x64.Build.0 = Release|Any CPU
		{0A721A2D-35F1-4BA5-AA7A-63457A112637}.Release|x86.ActiveCfg = Release|Any CPU
		{0A721A2D-35F1-4BA5-AA7A-63457A112637}.Release|x86.Build.0 = Release|Any CPU
		{A98D227F-0C8E-4858-A728-436944C10205}.Ad-Hoc|Any CPU.ActiveCfg = Release|Any CPU
		{A98D227F-0C8E-4858-A728-436944C10205}.Ad-Hoc|Any CPU.Build.0 = Release|Any CPU
		{A98D227F-0C8E-4858-A728-436944C10205}.Ad-Hoc|ARM.ActiveCfg = Release|Any CPU
		{A98D227F-0C8E-4858-A728-436944C10205}.Ad-Hoc|ARM.Build.0 = Release|Any CPU
		{A98D227F-0C8E-4858-A728-436944C10205}.Ad-Hoc|iPhone.ActiveCfg = Release|Any CPU
		{A98D227F-0C8E-4858-A728-436944C10205}.Ad-Hoc|iPhone.Build.0 = Release|Any CPU
		{A98D227F-0C8E-4858-A728-436944C10205}.Ad-Hoc|iPhoneSimulator.ActiveCfg = Release|Any CPU
		{A98D227F-0C8E-4858-A728-436944C10205}.Ad-Hoc|iPhoneSimulator.Build.0 = Release|Any CPU
		{A98D227F-0C8E-4858-A728-436944C10205}.Ad-Hoc|x64.ActiveCfg = Release|Any CPU
		{A98D227F-0C8E-4858-A728-436944C10205}.Ad-Hoc|x64.Build.0 = Release|Any CPU
		{A98D227F-0C8E-4858-A728-436944C10205}.Ad-Hoc|x86.ActiveCfg = Release|Any CPU
		{A98D227F-0C8E-4858-A728-436944C10205}.Ad-Hoc|x86.Build.0 = Release|Any CPU
		{A98D227F-0C8E-4858-A728-436944C10205}.AppStore|Any CPU.ActiveCfg = Release|Any CPU
		{A98D227F-0C8E-4858-A728-436944C10205}.AppStore|Any CPU.Build.0 = Release|Any CPU
		{A98D227F-0C8E-4858-A728-436944C10205}.AppStore|ARM.ActiveCfg = Release|Any CPU
		{A98D227F-0C8E-4858-A728-436944C10205}.AppStore|ARM.Build.0 = Release|Any CPU
		{A98D227F-0C8E-4858-A728-436944C10205}.AppStore|iPhone.ActiveCfg = Release|Any CPU
		{A98D227F-0C8E-4858-A728-436944C10205}.AppStore|iPhone.Build.0 = Release|Any CPU
		{A98D227F-0C8E-4858-A728-436944C10205}.AppStore|iPhoneSimulator.ActiveCfg = Release|Any CPU
		{A98D227F-0C8E-4858-A728-436944C10205}.AppStore|iPhoneSimulator.Build.0 = Release|Any CPU
		{A98D227F-0C8E-4858-A728-436944C10205}.AppStore|x64.ActiveCfg = Release|Any CPU
		{A98D227F-0C8E-4858-A728-436944C10205}.AppStore|x64.Build.0 = Release|Any CPU
		{A98D227F-0C8E-4858-A728-436944C10205}.AppStore|x86.ActiveCfg = Release|Any CPU
		{A98D227F-0C8E-4858-A728-436944C10205}.AppStore|x86.Build.0 = Release|Any CPU
		{A98D227F-0C8E-4858-A728-436944C10205}.Debug|Any CPU.ActiveCfg = Debug|Any CPU
		{A98D227F-0C8E-4858-A728-436944C10205}.Debug|Any CPU.Build.0 = Debug|Any CPU
		{A98D227F-0C8E-4858-A728-436944C10205}.Debug|ARM.ActiveCfg = Debug|Any CPU
		{A98D227F-0C8E-4858-A728-436944C10205}.Debug|ARM.Build.0 = Debug|Any CPU
		{A98D227F-0C8E-4858-A728-436944C10205}.Debug|iPhone.ActiveCfg = Debug|Any CPU
		{A98D227F-0C8E-4858-A728-436944C10205}.Debug|iPhone.Build.0 = Debug|Any CPU
		{A98D227F-0C8E-4858-A728-436944C10205}.Debug|iPhoneSimulator.ActiveCfg = Debug|Any CPU
		{A98D227F-0C8E-4858-A728-436944C10205}.Debug|iPhoneSimulator.Build.0 = Debug|Any CPU
		{A98D227F-0C8E-4858-A728-436944C10205}.Debug|x64.ActiveCfg = Debug|Any CPU
		{A98D227F-0C8E-4858-A728-436944C10205}.Debug|x64.Build.0 = Debug|Any CPU
		{A98D227F-0C8E-4858-A728-436944C10205}.Debug|x86.ActiveCfg = Debug|Any CPU
		{A98D227F-0C8E-4858-A728-436944C10205}.Debug|x86.Build.0 = Debug|Any CPU
		{A98D227F-0C8E-4858-A728-436944C10205}.Release|Any CPU.ActiveCfg = Release|Any CPU
		{A98D227F-0C8E-4858-A728-436944C10205}.Release|Any CPU.Build.0 = Release|Any CPU
		{A98D227F-0C8E-4858-A728-436944C10205}.Release|ARM.ActiveCfg = Release|Any CPU
		{A98D227F-0C8E-4858-A728-436944C10205}.Release|ARM.Build.0 = Release|Any CPU
		{A98D227F-0C8E-4858-A728-436944C10205}.Release|iPhone.ActiveCfg = Release|Any CPU
		{A98D227F-0C8E-4858-A728-436944C10205}.Release|iPhone.Build.0 = Release|Any CPU
		{A98D227F-0C8E-4858-A728-436944C10205}.Release|iPhoneSimulator.ActiveCfg = Release|Any CPU
		{A98D227F-0C8E-4858-A728-436944C10205}.Release|iPhoneSimulator.Build.0 = Release|Any CPU
		{A98D227F-0C8E-4858-A728-436944C10205}.Release|x64.ActiveCfg = Release|Any CPU
		{A98D227F-0C8E-4858-A728-436944C10205}.Release|x64.Build.0 = Release|Any CPU
		{A98D227F-0C8E-4858-A728-436944C10205}.Release|x86.ActiveCfg = Release|Any CPU
		{A98D227F-0C8E-4858-A728-436944C10205}.Release|x86.Build.0 = Release|Any CPU
	EndGlobalSection
	GlobalSection(SolutionProperties) = preSolution
		HideSolutionNode = FALSE
	EndGlobalSection
EndGlobal
